
Microsoft Visual Studio Solution File, Format Version 12.00
# Visual Studio Version 17
VisualStudioVersion = 17.0.32112.339
MinimumVisualStudioVersion = 10.0.40219.1
Project("{FAE04EC0-301F-11D3-BF4B-00C04F79EFBC}") = "Generics", "Generics\Generics.csproj", "{43FB8A26-E5C5-4C16-A98A-6EF3B234503A}"
EndProject
Global
	GlobalSection(SolutionConfigurationPlatforms) = preSolution
		Debug|Any CPU = Debug|Any CPU
		Release|Any CPU = Release|Any CPU
	EndGlobalSection
	GlobalSection(ProjectConfigurationPlatforms) = postSolution
		{43FB8A26-E5C5-4C16-A98A-6EF3B234503A}.Debug|Any CPU.ActiveCfg = Debug|Any CPU
		{43FB8A26-E5C5-4C16-A98A-6EF3B234503A}.Debug|Any CPU.Build.0 = Debug|Any CPU
		{43FB8A26-E5C5-4C16-A98A-6EF3B234503A}.Release|Any CPU.ActiveCfg = Release|Any CPU
		{43FB8A26-E5C5-4C16-A98A-6EF3B234503A}.Release|Any CPU.Build.0 = Release|Any CPU
	EndGlobalSection
	GlobalSection(SolutionProperties) = preSolution
		HideSolutionNode = FALSE
	EndGlobalSection
	GlobalSection(ExtensibilityGlobals) = postSolution
		SolutionGuid = {FEEBE799-CB4A-4432-AAFE-D4514ACCA8AE}
	EndGlobalSection
EndGlobal
